
Microsoft Visual Studio Solution File, Format Version 12.00
# Visual Studio Version 16
VisualStudioVersion = 16.0.30011.22
MinimumVisualStudioVersion = 15.0.26124.0
Project("{2150E333-8FDC-42A3-9474-1A3956D46DE8}") = "src", "src", "{13F49F3B-D0BE-4683-B162-D747D08B9C3F}"
EndProject
Project("{2150E333-8FDC-42A3-9474-1A3956D46DE8}") = "tests", "tests", "{2BBB6D9D-8D66-4419-AAF4-009D9862F640}"
EndProject
Project("{FAE04EC0-301F-11D3-BF4B-00C04F79EFBC}") = "Sandbox.Delivery.Web", "src/delivery/Sandbox.Delivery.Web\Sandbox.Delivery.Web.csproj", "{67E328EF-1643-4D8D-A006-8C67FB969049}"
EndProject
Project("{2150E333-8FDC-42A3-9474-1A3956D46DE8}") = "Solution Items", "Solution Items", "{D57C5FA9-AD07-4C7C-AC93-62581B7223D5}"
	ProjectSection(SolutionItems) = preProject
		.editorconfig = .editorconfig
		.gitignore = .gitignore
	EndProjectSection
EndProject
Project("{9A19103F-16F7-4668-BE54-9A1E7A4F7556}") = "Sandbox.Core.Domain", "src/shared/Sandbox.Core.Domain\Sandbox.Core.Domain.csproj", "{40A67BEB-619C-46DF-97EB-55D8D557AE98}"
EndProject
Project("{2150E333-8FDC-42A3-9474-1A3956D46DE8}") = "build", "build", "{5ED2624E-778B-4891-96AC-BFA89B56CD65}"
	ProjectSection(SolutionItems) = preProject
		Directory.Build.props = Directory.Build.props
	EndProjectSection
EndProject
Project("{9A19103F-16F7-4668-BE54-9A1E7A4F7556}") = "Sandbox.Delivery.Core", "src/delivery/Sandbox.Delivery.Core\Sandbox.Delivery.Core.csproj", "{DBCAD36B-D161-4350-AAD3-71CAB192E018}"
EndProject
Project("{2150E333-8FDC-42A3-9474-1A3956D46DE8}") = "delivery", "delivery", "{D6F67BE8-27F6-4255-AD64-347EA6888936}"
EndProject
Project("{2150E333-8FDC-42A3-9474-1A3956D46DE8}") = "management", "management", "{EA2DE399-FBD9-4031-98B7-C7C6DC962985}"
EndProject
Project("{2150E333-8FDC-42A3-9474-1A3956D46DE8}") = "shared", "shared", "{BC8C9DCA-764E-4A58-82CC-823EB5BE3506}"
EndProject
Project("{9A19103F-16F7-4668-BE54-9A1E7A4F7556}") = "Sandbox.Data.Kentico", "src/shared/Sandbox.Data.Kentico\Sandbox.Data.Kentico.csproj", "{775FC805-C01C-4D29-B82A-A69EF023415A}"
EndProject
Project("{9A19103F-16F7-4668-BE54-9A1E7A4F7556}") = "Sandbox.Delivery.Data", "src/delivery/Sandbox.Delivery.Data\Sandbox.Delivery.Data.csproj", "{33DE9864-0254-4C9F-AD26-6239D342CBD5}"
EndProject
Project("{9A19103F-16F7-4668-BE54-9A1E7A4F7556}") = "Sandbox.Data.Management", "src/management/Sandbox.Data.Management\Sandbox.Data.Management.csproj", "{885D2D5B-41D0-4D99-9910-2F6AB875301D}"
EndProject
Project("{9A19103F-16F7-4668-BE54-9A1E7A4F7556}") = "Sandbox.Core.Management", "src/management/Sandbox.Core.Management\Sandbox.Core.Management.csproj", "{78049BD7-5E5B-4F17-A9D3-DA52ECA73865}"
EndProject
Project("{2150E333-8FDC-42A3-9474-1A3956D46DE8}") = "delivery", "delivery", "{5BF599C7-851D-4615-B8DF-5F4E2D8D807F}"
EndProject
Project("{2150E333-8FDC-42A3-9474-1A3956D46DE8}") = "management", "management", "{7A4C4314-AEB7-404A-A7AF-03CF9DA84831}"
EndProject
Project("{2150E333-8FDC-42A3-9474-1A3956D46DE8}") = "shared", "shared", "{91B956B6-CB72-4AAC-9FD0-455303BA5951}"
EndProject
Global
	GlobalSection(SolutionConfigurationPlatforms) = preSolution
		Debug|Any CPU = Debug|Any CPU
		Debug|x64 = Debug|x64
		Debug|x86 = Debug|x86
		Release|Any CPU = Release|Any CPU
		Release|x64 = Release|x64
		Release|x86 = Release|x86
	EndGlobalSection
	GlobalSection(ProjectConfigurationPlatforms) = postSolution
		{67E328EF-1643-4D8D-A006-8C67FB969049}.Debug|Any CPU.ActiveCfg = Debug|Any CPU
		{67E328EF-1643-4D8D-A006-8C67FB969049}.Debug|Any CPU.Build.0 = Debug|Any CPU
		{67E328EF-1643-4D8D-A006-8C67FB969049}.Debug|x64.ActiveCfg = Debug|Any CPU
		{67E328EF-1643-4D8D-A006-8C67FB969049}.Debug|x64.Build.0 = Debug|Any CPU
		{67E328EF-1643-4D8D-A006-8C67FB969049}.Debug|x86.ActiveCfg = Debug|Any CPU
		{67E328EF-1643-4D8D-A006-8C67FB969049}.Debug|x86.Build.0 = Debug|Any CPU
		{67E328EF-1643-4D8D-A006-8C67FB969049}.Release|Any CPU.ActiveCfg = Release|Any CPU
		{67E328EF-1643-4D8D-A006-8C67FB969049}.Release|Any CPU.Build.0 = Release|Any CPU
		{67E328EF-1643-4D8D-A006-8C67FB969049}.Release|x64.ActiveCfg = Release|Any CPU
		{67E328EF-1643-4D8D-A006-8C67FB969049}.Release|x64.Build.0 = Release|Any CPU
		{67E328EF-1643-4D8D-A006-8C67FB969049}.Release|x86.ActiveCfg = Release|Any CPU
		{67E328EF-1643-4D8D-A006-8C67FB969049}.Release|x86.Build.0 = Release|Any CPU
		{40A67BEB-619C-46DF-97EB-55D8D557AE98}.Debug|Any CPU.ActiveCfg = Debug|Any CPU
		{40A67BEB-619C-46DF-97EB-55D8D557AE98}.Debug|Any CPU.Build.0 = Debug|Any CPU
		{40A67BEB-619C-46DF-97EB-55D8D557AE98}.Debug|x64.ActiveCfg = Debug|Any CPU
		{40A67BEB-619C-46DF-97EB-55D8D557AE98}.Debug|x64.Build.0 = Debug|Any CPU
		{40A67BEB-619C-46DF-97EB-55D8D557AE98}.Debug|x86.ActiveCfg = Debug|Any CPU
		{40A67BEB-619C-46DF-97EB-55D8D557AE98}.Debug|x86.Build.0 = Debug|Any CPU
		{40A67BEB-619C-46DF-97EB-55D8D557AE98}.Release|Any CPU.ActiveCfg = Release|Any CPU
		{40A67BEB-619C-46DF-97EB-55D8D557AE98}.Release|Any CPU.Build.0 = Release|Any CPU
		{40A67BEB-619C-46DF-97EB-55D8D557AE98}.Release|x64.ActiveCfg = Release|Any CPU
		{40A67BEB-619C-46DF-97EB-55D8D557AE98}.Release|x64.Build.0 = Release|Any CPU
		{40A67BEB-619C-46DF-97EB-55D8D557AE98}.Release|x86.ActiveCfg = Release|Any CPU
		{40A67BEB-619C-46DF-97EB-55D8D557AE98}.Release|x86.Build.0 = Release|Any CPU
		{DBCAD36B-D161-4350-AAD3-71CAB192E018}.Debug|Any CPU.ActiveCfg = Debug|Any CPU
		{DBCAD36B-D161-4350-AAD3-71CAB192E018}.Debug|Any CPU.Build.0 = Debug|Any CPU
		{DBCAD36B-D161-4350-AAD3-71CAB192E018}.Debug|x64.ActiveCfg = Debug|Any CPU
		{DBCAD36B-D161-4350-AAD3-71CAB192E018}.Debug|x64.Build.0 = Debug|Any CPU
		{DBCAD36B-D161-4350-AAD3-71CAB192E018}.Debug|x86.ActiveCfg = Debug|Any CPU
		{DBCAD36B-D161-4350-AAD3-71CAB192E018}.Debug|x86.Build.0 = Debug|Any CPU
		{DBCAD36B-D161-4350-AAD3-71CAB192E018}.Release|Any CPU.ActiveCfg = Release|Any CPU
		{DBCAD36B-D161-4350-AAD3-71CAB192E018}.Release|Any CPU.Build.0 = Release|Any CPU
		{DBCAD36B-D161-4350-AAD3-71CAB192E018}.Release|x64.ActiveCfg = Release|Any CPU
		{DBCAD36B-D161-4350-AAD3-71CAB192E018}.Release|x64.Build.0 = Release|Any CPU
		{DBCAD36B-D161-4350-AAD3-71CAB192E018}.Release|x86.ActiveCfg = Release|Any CPU
		{DBCAD36B-D161-4350-AAD3-71CAB192E018}.Release|x86.Build.0 = Release|Any CPU
		{775FC805-C01C-4D29-B82A-A69EF023415A}.Debug|Any CPU.ActiveCfg = Debug|Any CPU
		{775FC805-C01C-4D29-B82A-A69EF023415A}.Debug|Any CPU.Build.0 = Debug|Any CPU
		{775FC805-C01C-4D29-B82A-A69EF023415A}.Debug|x64.ActiveCfg = Debug|Any CPU
		{775FC805-C01C-4D29-B82A-A69EF023415A}.Debug|x64.Build.0 = Debug|Any CPU
		{775FC805-C01C-4D29-B82A-A69EF023415A}.Debug|x86.ActiveCfg = Debug|Any CPU
		{775FC805-C01C-4D29-B82A-A69EF023415A}.Debug|x86.Build.0 = Debug|Any CPU
		{775FC805-C01C-4D29-B82A-A69EF023415A}.Release|Any CPU.ActiveCfg = Release|Any CPU
		{775FC805-C01C-4D29-B82A-A69EF023415A}.Release|Any CPU.Build.0 = Release|Any CPU
		{775FC805-C01C-4D29-B82A-A69EF023415A}.Release|x64.ActiveCfg = Release|Any CPU
		{775FC805-C01C-4D29-B82A-A69EF023415A}.Release|x64.Build.0 = Release|Any CPU
		{775FC805-C01C-4D29-B82A-A69EF023415A}.Release|x86.ActiveCfg = Release|Any CPU
		{775FC805-C01C-4D29-B82A-A69EF023415A}.Release|x86.Build.0 = Release|Any CPU
		{33DE9864-0254-4C9F-AD26-6239D342CBD5}.Debug|Any CPU.ActiveCfg = Debug|Any CPU
		{33DE9864-0254-4C9F-AD26-6239D342CBD5}.Debug|Any CPU.Build.0 = Debug|Any CPU
		{33DE9864-0254-4C9F-AD26-6239D342CBD5}.Debug|x64.ActiveCfg = Debug|Any CPU
		{33DE9864-0254-4C9F-AD26-6239D342CBD5}.Debug|x64.Build.0 = Debug|Any CPU
		{33DE9864-0254-4C9F-AD26-6239D342CBD5}.Debug|x86.ActiveCfg = Debug|Any CPU
		{33DE9864-0254-4C9F-AD26-6239D342CBD5}.Debug|x86.Build.0 = Debug|Any CPU
		{33DE9864-0254-4C9F-AD26-6239D342CBD5}.Release|Any CPU.ActiveCfg = Release|Any CPU
		{33DE9864-0254-4C9F-AD26-6239D342CBD5}.Release|Any CPU.Build.0 = Release|Any CPU
		{33DE9864-0254-4C9F-AD26-6239D342CBD5}.Release|x64.ActiveCfg = Release|Any CPU
		{33DE9864-0254-4C9F-AD26-6239D342CBD5}.Release|x64.Build.0 = Release|Any CPU
		{33DE9864-0254-4C9F-AD26-6239D342CBD5}.Release|x86.ActiveCfg = Release|Any CPU
		{33DE9864-0254-4C9F-AD26-6239D342CBD5}.Release|x86.Build.0 = Release|Any CPU
		{885D2D5B-41D0-4D99-9910-2F6AB875301D}.Debug|Any CPU.ActiveCfg = Debug|Any CPU
		{885D2D5B-41D0-4D99-9910-2F6AB875301D}.Debug|Any CPU.Build.0 = Debug|Any CPU
		{885D2D5B-41D0-4D99-9910-2F6AB875301D}.Debug|x64.ActiveCfg = Debug|Any CPU
		{885D2D5B-41D0-4D99-9910-2F6AB875301D}.Debug|x64.Build.0 = Debug|Any CPU
		{885D2D5B-41D0-4D99-9910-2F6AB875301D}.Debug|x86.ActiveCfg = Debug|Any CPU
		{885D2D5B-41D0-4D99-9910-2F6AB875301D}.Debug|x86.Build.0 = Debug|Any CPU
		{885D2D5B-41D0-4D99-9910-2F6AB875301D}.Release|Any CPU.ActiveCfg = Release|Any CPU
		{885D2D5B-41D0-4D99-9910-2F6AB875301D}.Release|Any CPU.Build.0 = Release|Any CPU
		{885D2D5B-41D0-4D99-9910-2F6AB875301D}.Release|x64.ActiveCfg = Release|Any CPU
		{885D2D5B-41D0-4D99-9910-2F6AB875301D}.Release|x64.Build.0 = Release|Any CPU
		{885D2D5B-41D0-4D99-9910-2F6AB875301D}.Release|x86.ActiveCfg = Release|Any CPU
		{885D2D5B-41D0-4D99-9910-2F6AB875301D}.Release|x86.Build.0 = Release|Any CPU
		{78049BD7-5E5B-4F17-A9D3-DA52ECA73865}.Debug|Any CPU.ActiveCfg = Debug|Any CPU
		{78049BD7-5E5B-4F17-A9D3-DA52ECA73865}.Debug|Any CPU.Build.0 = Debug|Any CPU
		{78049BD7-5E5B-4F17-A9D3-DA52ECA73865}.Debug|x64.ActiveCfg = Debug|Any CPU
		{78049BD7-5E5B-4F17-A9D3-DA52ECA73865}.Debug|x64.Build.0 = Debug|Any CPU
		{78049BD7-5E5B-4F17-A9D3-DA52ECA73865}.Debug|x86.ActiveCfg = Debug|Any CPU
		{78049BD7-5E5B-4F17-A9D3-DA52ECA73865}.Debug|x86.Build.0 = Debug|Any CPU
		{78049BD7-5E5B-4F17-A9D3-DA52ECA73865}.Release|Any CPU.ActiveCfg = Release|Any CPU
		{78049BD7-5E5B-4F17-A9D3-DA52ECA73865}.Release|Any CPU.Build.0 = Release|Any CPU
		{78049BD7-5E5B-4F17-A9D3-DA52ECA73865}.Release|x64.ActiveCfg = Release|Any CPU
		{78049BD7-5E5B-4F17-A9D3-DA52ECA73865}.Release|x64.Build.0 = Release|Any CPU
		{78049BD7-5E5B-4F17-A9D3-DA52ECA73865}.Release|x86.ActiveCfg = Release|Any CPU
		{78049BD7-5E5B-4F17-A9D3-DA52ECA73865}.Release|x86.Build.0 = Release|Any CPU
	EndGlobalSection
	GlobalSection(SolutionProperties) = preSolution
		HideSolutionNode = FALSE
	EndGlobalSection
	GlobalSection(NestedProjects) = preSolution
		{67E328EF-1643-4D8D-A006-8C67FB969049} = {D6F67BE8-27F6-4255-AD64-347EA6888936}
		{40A67BEB-619C-46DF-97EB-55D8D557AE98} = {BC8C9DCA-764E-4A58-82CC-823EB5BE3506}
		{DBCAD36B-D161-4350-AAD3-71CAB192E018} = {D6F67BE8-27F6-4255-AD64-347EA6888936}
		{D6F67BE8-27F6-4255-AD64-347EA6888936} = {13F49F3B-D0BE-4683-B162-D747D08B9C3F}
		{EA2DE399-FBD9-4031-98B7-C7C6DC962985} = {13F49F3B-D0BE-4683-B162-D747D08B9C3F}
		{BC8C9DCA-764E-4A58-82CC-823EB5BE3506} = {13F49F3B-D0BE-4683-B162-D747D08B9C3F}
		{775FC805-C01C-4D29-B82A-A69EF023415A} = {BC8C9DCA-764E-4A58-82CC-823EB5BE3506}
		{33DE9864-0254-4C9F-AD26-6239D342CBD5} = {D6F67BE8-27F6-4255-AD64-347EA6888936}
		{885D2D5B-41D0-4D99-9910-2F6AB875301D} = {EA2DE399-FBD9-4031-98B7-C7C6DC962985}
		{78049BD7-5E5B-4F17-A9D3-DA52ECA73865} = {EA2DE399-FBD9-4031-98B7-C7C6DC962985}
		{5BF599C7-851D-4615-B8DF-5F4E2D8D807F} = {2BBB6D9D-8D66-4419-AAF4-009D9862F640}
		{7A4C4314-AEB7-404A-A7AF-03CF9DA84831} = {2BBB6D9D-8D66-4419-AAF4-009D9862F640}
		{91B956B6-CB72-4AAC-9FD0-455303BA5951} = {2BBB6D9D-8D66-4419-AAF4-009D9862F640}
	EndGlobalSection
	GlobalSection(ExtensibilityGlobals) = postSolution
		SolutionGuid = {80D569E1-312E-4EDA-98D6-BE56C4AB6D4A}
	EndGlobalSection
EndGlobal
